
Microsoft Visual Studio Solution File, Format Version 12.00
# Visual Studio Version 17
VisualStudioVersion = 17.0.32126.317
MinimumVisualStudioVersion = 10.0.40219.1
Project("{F184B08F-C81C-45F6-A57F-5ABD9991F28F}") = "prueba", "prueba\prueba.vbproj", "{F5634522-55A6-447C-B054-CAF72EE9C213}"
EndProject
Global
	GlobalSection(SolutionConfigurationPlatforms) = preSolution
		Debug|Any CPU = Debug|Any CPU
		Release|Any CPU = Release|Any CPU
	EndGlobalSection
	GlobalSection(ProjectConfigurationPlatforms) = postSolution
		{F5634522-55A6-447C-B054-CAF72EE9C213}.Debug|Any CPU.ActiveCfg = Debug|Any CPU
		{F5634522-55A6-447C-B054-CAF72EE9C213}.Debug|Any CPU.Build.0 = Debug|Any CPU
		{F5634522-55A6-447C-B054-CAF72EE9C213}.Release|Any CPU.ActiveCfg = Release|Any CPU
		{F5634522-55A6-447C-B054-CAF72EE9C213}.Release|Any CPU.Build.0 = Release|Any CPU
	EndGlobalSection
	GlobalSection(SolutionProperties) = preSolution
		HideSolutionNode = FALSE
	EndGlobalSection
	GlobalSection(ExtensibilityGlobals) = postSolution
		SolutionGuid = {C0BF1A0C-3544-4551-B53D-4E0D1A64E236}
	EndGlobalSection
EndGlobal
